
Microsoft Visual Studio Solution File, Format Version 12.00
Project("{FAE04EC0-301F-11D3-BF4B-00C04F79EFBC}") = "CodeTest", "CodeTest\CodeTest.csproj", "{EE2F4077-6016-4197-A557-179B2930C9BA}"
EndProject
Project("{FAE04EC0-301F-11D3-BF4B-00C04F79EFBC}") = "CodeTest.Library", "CodeTest.Library\CodeTest.Library.csproj", "{BBDFBD7A-94A2-4120-B2CC-D3B25DA4F8FA}"
EndProject
Project("{FAE04EC0-301F-11D3-BF4B-00C04F79EFBC}") = "HackerRank.Solutions", "HackerRank.Solutions\HackerRank.Solutions.csproj", "{AB796279-9BB1-484F-AC5F-170BCE568A05}"
EndProject
Project("{FAE04EC0-301F-11D3-BF4B-00C04F79EFBC}") = "HackerRank.QueueUsingTwoStack", "HackerRank.QueueUsingTwoStack\HackerRank.QueueUsingTwoStack.csproj", "{3102B1E1-C8BA-4808-9793-51287ECD7DA3}"
EndProject
Project("{FAE04EC0-301F-11D3-BF4B-00C04F79EFBC}") = "HackerRank.SimpleEditor", "HackerRank.SimpleEditor\HackerRank.SimpleEditor.csproj", "{7B19F419-5FFA-478A-9B35-42356CF686CA}"
EndProject
Project("{FAE04EC0-301F-11D3-BF4B-00C04F79EFBC}") = "AsyncBreakfast", "AsyncBreakfast\AsyncBreakfast.csproj", "{A603FC01-AAC9-4CD1-B650-1E37832DA72B}"
EndProject
Project("{FAE04EC0-301F-11D3-BF4B-00C04F79EFBC}") = "AsyncBreakfastMVC", "AsyncBreakfastMVC\AsyncBreakfastMVC.csproj", "{FA248C11-46F9-46FD-8B5B-5909C1A84E96}"
EndProject
Project("{FAE04EC0-301F-11D3-BF4B-00C04F79EFBC}") = "LeetCode.Solutions", "LeetCode.Solutions\LeetCode.Solutions.csproj", "{A3B2185B-161A-447E-9663-BBB574ACD1BD}"
EndProject
Global
	GlobalSection(SolutionConfigurationPlatforms) = preSolution
		Debug|Any CPU = Debug|Any CPU
		Release|Any CPU = Release|Any CPU
	EndGlobalSection
	GlobalSection(ProjectConfigurationPlatforms) = postSolution
		{EE2F4077-6016-4197-A557-179B2930C9BA}.Debug|Any CPU.ActiveCfg = Debug|Any CPU
		{EE2F4077-6016-4197-A557-179B2930C9BA}.Debug|Any CPU.Build.0 = Debug|Any CPU
		{EE2F4077-6016-4197-A557-179B2930C9BA}.Release|Any CPU.ActiveCfg = Release|Any CPU
		{EE2F4077-6016-4197-A557-179B2930C9BA}.Release|Any CPU.Build.0 = Release|Any CPU
		{BBDFBD7A-94A2-4120-B2CC-D3B25DA4F8FA}.Debug|Any CPU.ActiveCfg = Debug|Any CPU
		{BBDFBD7A-94A2-4120-B2CC-D3B25DA4F8FA}.Debug|Any CPU.Build.0 = Debug|Any CPU
		{BBDFBD7A-94A2-4120-B2CC-D3B25DA4F8FA}.Release|Any CPU.ActiveCfg = Release|Any CPU
		{BBDFBD7A-94A2-4120-B2CC-D3B25DA4F8FA}.Release|Any CPU.Build.0 = Release|Any CPU
		{AB796279-9BB1-484F-AC5F-170BCE568A05}.Debug|Any CPU.ActiveCfg = Debug|Any CPU
		{AB796279-9BB1-484F-AC5F-170BCE568A05}.Debug|Any CPU.Build.0 = Debug|Any CPU
		{AB796279-9BB1-484F-AC5F-170BCE568A05}.Release|Any CPU.ActiveCfg = Release|Any CPU
		{AB796279-9BB1-484F-AC5F-170BCE568A05}.Release|Any CPU.Build.0 = Release|Any CPU
		{3102B1E1-C8BA-4808-9793-51287ECD7DA3}.Debug|Any CPU.ActiveCfg = Debug|Any CPU
		{3102B1E1-C8BA-4808-9793-51287ECD7DA3}.Debug|Any CPU.Build.0 = Debug|Any CPU
		{3102B1E1-C8BA-4808-9793-51287ECD7DA3}.Release|Any CPU.ActiveCfg = Release|Any CPU
		{3102B1E1-C8BA-4808-9793-51287ECD7DA3}.Release|Any CPU.Build.0 = Release|Any CPU
		{7B19F419-5FFA-478A-9B35-42356CF686CA}.Debug|Any CPU.ActiveCfg = Debug|Any CPU
		{7B19F419-5FFA-478A-9B35-42356CF686CA}.Debug|Any CPU.Build.0 = Debug|Any CPU
		{7B19F419-5FFA-478A-9B35-42356CF686CA}.Release|Any CPU.ActiveCfg = Release|Any CPU
		{7B19F419-5FFA-478A-9B35-42356CF686CA}.Release|Any CPU.Build.0 = Release|Any CPU
		{A603FC01-AAC9-4CD1-B650-1E37832DA72B}.Debug|Any CPU.ActiveCfg = Debug|Any CPU
		{A603FC01-AAC9-4CD1-B650-1E37832DA72B}.Debug|Any CPU.Build.0 = Debug|Any CPU
		{A603FC01-AAC9-4CD1-B650-1E37832DA72B}.Release|Any CPU.ActiveCfg = Release|Any CPU
		{A603FC01-AAC9-4CD1-B650-1E37832DA72B}.Release|Any CPU.Build.0 = Release|Any CPU
		{FA248C11-46F9-46FD-8B5B-5909C1A84E96}.Debug|Any CPU.ActiveCfg = Debug|Any CPU
		{FA248C11-46F9-46FD-8B5B-5909C1A84E96}.Debug|Any CPU.Build.0 = Debug|Any CPU
		{FA248C11-46F9-46FD-8B5B-5909C1A84E96}.Release|Any CPU.ActiveCfg = Release|Any CPU
		{FA248C11-46F9-46FD-8B5B-5909C1A84E96}.Release|Any CPU.Build.0 = Release|Any CPU
		{A3B2185B-161A-447E-9663-BBB574ACD1BD}.Debug|Any CPU.ActiveCfg = Debug|Any CPU
		{A3B2185B-161A-447E-9663-BBB574ACD1BD}.Debug|Any CPU.Build.0 = Debug|Any CPU
		{A3B2185B-161A-447E-9663-BBB574ACD1BD}.Release|Any CPU.ActiveCfg = Release|Any CPU
		{A3B2185B-161A-447E-9663-BBB574ACD1BD}.Release|Any CPU.Build.0 = Release|Any CPU
	EndGlobalSection
EndGlobal
