
Microsoft Visual Studio Solution File, Format Version 12.00
Project("{2150E333-8FDC-42A3-9474-1A3956D46DE8}") = "src", "src", "{7EECCFF2-4216-488F-8210-47F4962B1777}"
EndProject
Project("{2150E333-8FDC-42A3-9474-1A3956D46DE8}") = "tests", "tests", "{89B12759-BC6C-44A2-A907-07E513440883}"
EndProject
Project("{FAE04EC0-301F-11D3-BF4B-00C04F79EFBC}") = "Tests", "tests\Tests\Tests.csproj", "{081CFC89-A914-43CD-AE47-15F4A066326F}"
EndProject
Project("{FAE04EC0-301F-11D3-BF4B-00C04F79EFBC}") = "AsyncBreakfastMVC", "src\AsyncBreakfastMVC\AsyncBreakfastMVC.csproj", "{B582ABEA-A4B7-4979-AC94-8694E14ACE1D}"
EndProject
Project("{FAE04EC0-301F-11D3-BF4B-00C04F79EFBC}") = "Turing.Solutions", "src\Turing.Solutions\Turing.Solutions.csproj", "{0B506ACB-9ED7-4C65-8ED0-09101394C073}"
EndProject
Project("{FAE04EC0-301F-11D3-BF4B-00C04F79EFBC}") = "Libraries", "src\Libraries\Libraries.csproj", "{5B7CD3B5-66B2-4083-89D6-707C3E266A2D}"
EndProject
Project("{FAE04EC0-301F-11D3-BF4B-00C04F79EFBC}") = "HackerRank.QueueUsingTwoStack", "src\HackerRank.QueueUsingTwoStack\HackerRank.QueueUsingTwoStack.csproj", "{05E6362D-DBFA-442A-9EE4-4CD3937B3989}"
EndProject
Project("{FAE04EC0-301F-11D3-BF4B-00C04F79EFBC}") = "HackerRank.SimpleEditor", "src\HackerRank.SimpleEditor\HackerRank.SimpleEditor.csproj", "{E06E36E7-EFBA-45C6-8924-65F17FC4FD50}"
EndProject
Project("{FAE04EC0-301F-11D3-BF4B-00C04F79EFBC}") = "LeetCode.Solutions", "src\LeetCode.Solutions\LeetCode.Solutions.csproj", "{1B3010BF-8C68-4DF3-841E-FCEBB20A5BA1}"
EndProject
Project("{FAE04EC0-301F-11D3-BF4B-00C04F79EFBC}") = "HackerRank.Solutions", "src\HackerRank.Solutions\HackerRank.Solutions.csproj", "{DFD6A679-6A8C-45D5-BC71-D1FB2D5604F4}"
EndProject
Global
	GlobalSection(SolutionConfigurationPlatforms) = preSolution
		Debug|Any CPU = Debug|Any CPU
		Release|Any CPU = Release|Any CPU
	EndGlobalSection
	GlobalSection(ProjectConfigurationPlatforms) = postSolution
		{EE2F4077-6016-4197-A557-179B2930C9BA}.Debug|Any CPU.ActiveCfg = Debug|Any CPU
		{EE2F4077-6016-4197-A557-179B2930C9BA}.Debug|Any CPU.Build.0 = Debug|Any CPU
		{EE2F4077-6016-4197-A557-179B2930C9BA}.Release|Any CPU.ActiveCfg = Release|Any CPU
		{EE2F4077-6016-4197-A557-179B2930C9BA}.Release|Any CPU.Build.0 = Release|Any CPU
		{BBDFBD7A-94A2-4120-B2CC-D3B25DA4F8FA}.Debug|Any CPU.ActiveCfg = Debug|Any CPU
		{BBDFBD7A-94A2-4120-B2CC-D3B25DA4F8FA}.Debug|Any CPU.Build.0 = Debug|Any CPU
		{BBDFBD7A-94A2-4120-B2CC-D3B25DA4F8FA}.Release|Any CPU.ActiveCfg = Release|Any CPU
		{BBDFBD7A-94A2-4120-B2CC-D3B25DA4F8FA}.Release|Any CPU.Build.0 = Release|Any CPU
		{AB796279-9BB1-484F-AC5F-170BCE568A05}.Debug|Any CPU.ActiveCfg = Debug|Any CPU
		{AB796279-9BB1-484F-AC5F-170BCE568A05}.Debug|Any CPU.Build.0 = Debug|Any CPU
		{AB796279-9BB1-484F-AC5F-170BCE568A05}.Release|Any CPU.ActiveCfg = Release|Any CPU
		{AB796279-9BB1-484F-AC5F-170BCE568A05}.Release|Any CPU.Build.0 = Release|Any CPU
		{3102B1E1-C8BA-4808-9793-51287ECD7DA3}.Debug|Any CPU.ActiveCfg = Debug|Any CPU
		{3102B1E1-C8BA-4808-9793-51287ECD7DA3}.Debug|Any CPU.Build.0 = Debug|Any CPU
		{3102B1E1-C8BA-4808-9793-51287ECD7DA3}.Release|Any CPU.ActiveCfg = Release|Any CPU
		{3102B1E1-C8BA-4808-9793-51287ECD7DA3}.Release|Any CPU.Build.0 = Release|Any CPU
		{7B19F419-5FFA-478A-9B35-42356CF686CA}.Debug|Any CPU.ActiveCfg = Debug|Any CPU
		{7B19F419-5FFA-478A-9B35-42356CF686CA}.Debug|Any CPU.Build.0 = Debug|Any CPU
		{7B19F419-5FFA-478A-9B35-42356CF686CA}.Release|Any CPU.ActiveCfg = Release|Any CPU
		{7B19F419-5FFA-478A-9B35-42356CF686CA}.Release|Any CPU.Build.0 = Release|Any CPU
		{FA248C11-46F9-46FD-8B5B-5909C1A84E96}.Debug|Any CPU.ActiveCfg = Debug|Any CPU
		{FA248C11-46F9-46FD-8B5B-5909C1A84E96}.Debug|Any CPU.Build.0 = Debug|Any CPU
		{FA248C11-46F9-46FD-8B5B-5909C1A84E96}.Release|Any CPU.ActiveCfg = Release|Any CPU
		{FA248C11-46F9-46FD-8B5B-5909C1A84E96}.Release|Any CPU.Build.0 = Release|Any CPU
		{A3B2185B-161A-447E-9663-BBB574ACD1BD}.Debug|Any CPU.ActiveCfg = Debug|Any CPU
		{A3B2185B-161A-447E-9663-BBB574ACD1BD}.Debug|Any CPU.Build.0 = Debug|Any CPU
		{A3B2185B-161A-447E-9663-BBB574ACD1BD}.Release|Any CPU.ActiveCfg = Release|Any CPU
		{A3B2185B-161A-447E-9663-BBB574ACD1BD}.Release|Any CPU.Build.0 = Release|Any CPU
		{2BABC0D1-66EE-445D-A2A6-EE7A9157853F}.Debug|Any CPU.ActiveCfg = Debug|Any CPU
		{2BABC0D1-66EE-445D-A2A6-EE7A9157853F}.Debug|Any CPU.Build.0 = Debug|Any CPU
		{2BABC0D1-66EE-445D-A2A6-EE7A9157853F}.Release|Any CPU.ActiveCfg = Release|Any CPU
		{2BABC0D1-66EE-445D-A2A6-EE7A9157853F}.Release|Any CPU.Build.0 = Release|Any CPU
		{081CFC89-A914-43CD-AE47-15F4A066326F}.Debug|Any CPU.ActiveCfg = Debug|Any CPU
		{081CFC89-A914-43CD-AE47-15F4A066326F}.Debug|Any CPU.Build.0 = Debug|Any CPU
		{081CFC89-A914-43CD-AE47-15F4A066326F}.Release|Any CPU.ActiveCfg = Release|Any CPU
		{081CFC89-A914-43CD-AE47-15F4A066326F}.Release|Any CPU.Build.0 = Release|Any CPU
		{B582ABEA-A4B7-4979-AC94-8694E14ACE1D}.Debug|Any CPU.ActiveCfg = Debug|Any CPU
		{B582ABEA-A4B7-4979-AC94-8694E14ACE1D}.Debug|Any CPU.Build.0 = Debug|Any CPU
		{B582ABEA-A4B7-4979-AC94-8694E14ACE1D}.Release|Any CPU.ActiveCfg = Release|Any CPU
		{B582ABEA-A4B7-4979-AC94-8694E14ACE1D}.Release|Any CPU.Build.0 = Release|Any CPU
		{0B506ACB-9ED7-4C65-8ED0-09101394C073}.Debug|Any CPU.ActiveCfg = Debug|Any CPU
		{0B506ACB-9ED7-4C65-8ED0-09101394C073}.Debug|Any CPU.Build.0 = Debug|Any CPU
		{0B506ACB-9ED7-4C65-8ED0-09101394C073}.Release|Any CPU.ActiveCfg = Release|Any CPU
		{0B506ACB-9ED7-4C65-8ED0-09101394C073}.Release|Any CPU.Build.0 = Release|Any CPU
		{5B7CD3B5-66B2-4083-89D6-707C3E266A2D}.Debug|Any CPU.ActiveCfg = Debug|Any CPU
		{5B7CD3B5-66B2-4083-89D6-707C3E266A2D}.Debug|Any CPU.Build.0 = Debug|Any CPU
		{5B7CD3B5-66B2-4083-89D6-707C3E266A2D}.Release|Any CPU.ActiveCfg = Release|Any CPU
		{5B7CD3B5-66B2-4083-89D6-707C3E266A2D}.Release|Any CPU.Build.0 = Release|Any CPU
		{05E6362D-DBFA-442A-9EE4-4CD3937B3989}.Debug|Any CPU.ActiveCfg = Debug|Any CPU
		{05E6362D-DBFA-442A-9EE4-4CD3937B3989}.Debug|Any CPU.Build.0 = Debug|Any CPU
		{05E6362D-DBFA-442A-9EE4-4CD3937B3989}.Release|Any CPU.ActiveCfg = Release|Any CPU
		{05E6362D-DBFA-442A-9EE4-4CD3937B3989}.Release|Any CPU.Build.0 = Release|Any CPU
		{E06E36E7-EFBA-45C6-8924-65F17FC4FD50}.Debug|Any CPU.ActiveCfg = Debug|Any CPU
		{E06E36E7-EFBA-45C6-8924-65F17FC4FD50}.Debug|Any CPU.Build.0 = Debug|Any CPU
		{E06E36E7-EFBA-45C6-8924-65F17FC4FD50}.Release|Any CPU.ActiveCfg = Release|Any CPU
		{E06E36E7-EFBA-45C6-8924-65F17FC4FD50}.Release|Any CPU.Build.0 = Release|Any CPU
		{1B3010BF-8C68-4DF3-841E-FCEBB20A5BA1}.Debug|Any CPU.ActiveCfg = Debug|Any CPU
		{1B3010BF-8C68-4DF3-841E-FCEBB20A5BA1}.Debug|Any CPU.Build.0 = Debug|Any CPU
		{1B3010BF-8C68-4DF3-841E-FCEBB20A5BA1}.Release|Any CPU.ActiveCfg = Release|Any CPU
		{1B3010BF-8C68-4DF3-841E-FCEBB20A5BA1}.Release|Any CPU.Build.0 = Release|Any CPU
		{DFD6A679-6A8C-45D5-BC71-D1FB2D5604F4}.Debug|Any CPU.ActiveCfg = Debug|Any CPU
		{DFD6A679-6A8C-45D5-BC71-D1FB2D5604F4}.Debug|Any CPU.Build.0 = Debug|Any CPU
		{DFD6A679-6A8C-45D5-BC71-D1FB2D5604F4}.Release|Any CPU.ActiveCfg = Release|Any CPU
		{DFD6A679-6A8C-45D5-BC71-D1FB2D5604F4}.Release|Any CPU.Build.0 = Release|Any CPU
	EndGlobalSection
	GlobalSection(NestedProjects) = preSolution
		{AB796279-9BB1-484F-AC5F-170BCE568A05} = {8E9B6F2A-2934-423E-8460-F8D72C16BB0E}
		{A3B2185B-161A-447E-9663-BBB574ACD1BD} = {8E9B6F2A-2934-423E-8460-F8D72C16BB0E}
		{BBDFBD7A-94A2-4120-B2CC-D3B25DA4F8FA} = {12DC0065-9A5E-4F39-80CF-519454973D0F}
		{FA248C11-46F9-46FD-8B5B-5909C1A84E96} = {2E622B92-1458-450D-AA0B-4CA1C158C8E4}
		{3102B1E1-C8BA-4808-9793-51287ECD7DA3} = {E4F4FA59-CA70-458C-819C-2C53F95378D4}
		{7B19F419-5FFA-478A-9B35-42356CF686CA} = {E4F4FA59-CA70-458C-819C-2C53F95378D4}
		{2BABC0D1-66EE-445D-A2A6-EE7A9157853F} = {8E9B6F2A-2934-423E-8460-F8D72C16BB0E}
		{12DC0065-9A5E-4F39-80CF-519454973D0F} = {7EECCFF2-4216-488F-8210-47F4962B1777}
		{8E9B6F2A-2934-423E-8460-F8D72C16BB0E} = {7EECCFF2-4216-488F-8210-47F4962B1777}
		{2E622B92-1458-450D-AA0B-4CA1C158C8E4} = {7EECCFF2-4216-488F-8210-47F4962B1777}
		{E4F4FA59-CA70-458C-819C-2C53F95378D4} = {7EECCFF2-4216-488F-8210-47F4962B1777}
		{EE2F4077-6016-4197-A557-179B2930C9BA} = {89B12759-BC6C-44A2-A907-07E513440883}
		{081CFC89-A914-43CD-AE47-15F4A066326F} = {89B12759-BC6C-44A2-A907-07E513440883}
		{B582ABEA-A4B7-4979-AC94-8694E14ACE1D} = {7EECCFF2-4216-488F-8210-47F4962B1777}
		{0B506ACB-9ED7-4C65-8ED0-09101394C073} = {7EECCFF2-4216-488F-8210-47F4962B1777}
		{5B7CD3B5-66B2-4083-89D6-707C3E266A2D} = {7EECCFF2-4216-488F-8210-47F4962B1777}
		{05E6362D-DBFA-442A-9EE4-4CD3937B3989} = {7EECCFF2-4216-488F-8210-47F4962B1777}
		{E06E36E7-EFBA-45C6-8924-65F17FC4FD50} = {7EECCFF2-4216-488F-8210-47F4962B1777}
		{1B3010BF-8C68-4DF3-841E-FCEBB20A5BA1} = {7EECCFF2-4216-488F-8210-47F4962B1777}
		{DFD6A679-6A8C-45D5-BC71-D1FB2D5604F4} = {7EECCFF2-4216-488F-8210-47F4962B1777}
	EndGlobalSection
EndGlobal
